// !$*UTF8*$!
{
	archiveVersion = 1;
	classes = {
	};
	objectVersion = 46;
	objects = {

/* Begin PBXBuildFile section */
		FEB21A0015D01F0F00056618 /* UIKit.framework in Frameworks */ = {isa = PBXBuildFile; fileRef = FEB219FF15D01F0F00056618 /* UIKit.framework */; };
		FEB21A0215D01F0F00056618 /* Foundation.framework in Frameworks */ = {isa = PBXBuildFile; fileRef = FEB21A0115D01F0F00056618 /* Foundation.framework */; };
		FEB21A0415D01F0F00056618 /* CoreGraphics.framework in Frameworks */ = {isa = PBXBuildFile; fileRef = FEB21A0315D01F0F00056618 /* CoreGraphics.framework */; };
		FEB21A0A15D01F0F00056618 /* InfoPlist.strings in Resources */ = {isa = PBXBuildFile; fileRef = FEB21A0815D01F0F00056618 /* InfoPlist.strings */; };
		FEB21A0C15D01F0F00056618 /* main.m in Sources */ = {isa = PBXBuildFile; fileRef = FEB21A0B15D01F0F00056618 /* main.m */; };
		FEB21A1015D01F0F00056618 /* AppDelegate.m in Sources */ = {isa = PBXBuildFile; fileRef = FEB21A0F15D01F0F00056618 /* AppDelegate.m */; };
		FEB21A1815D01F1000056618 /* SenTestingKit.framework in Frameworks */ = {isa = PBXBuildFile; fileRef = FEB21A1715D01F1000056618 /* SenTestingKit.framework */; };
		FEB21A1915D01F1000056618 /* UIKit.framework in Frameworks */ = {isa = PBXBuildFile; fileRef = FEB219FF15D01F0F00056618 /* UIKit.framework */; };
		FEB21A1A15D01F1000056618 /* Foundation.framework in Frameworks */ = {isa = PBXBuildFile; fileRef = FEB21A0115D01F0F00056618 /* Foundation.framework */; };
		FEB21A2215D01F1000056618 /* InfoPlist.strings in Resources */ = {isa = PBXBuildFile; fileRef = FEB21A2015D01F1000056618 /* InfoPlist.strings */; };
		FEB21A2515D01F1000056618 /* RZSplitViewController_DemoTests.m in Sources */ = {isa = PBXBuildFile; fileRef = FEB21A2415D01F1000056618 /* RZSplitViewController_DemoTests.m */; };
		FEB21A3F15D0203300056618 /* RZSplitViewController.m in Sources */ = {isa = PBXBuildFile; fileRef = FEB21A3E15D0203300056618 /* RZSplitViewController.m */; };
		FEB21A4015D0203300056618 /* RZSplitViewController.m in Sources */ = {isa = PBXBuildFile; fileRef = FEB21A3E15D0203300056618 /* RZSplitViewController.m */; };
		FEB21A4515D0423A00056618 /* MasterViewController.m in Sources */ = {isa = PBXBuildFile; fileRef = FEB21A4315D0423A00056618 /* MasterViewController.m */; };
		FEB21A4615D0423A00056618 /* MasterViewController.m in Sources */ = {isa = PBXBuildFile; fileRef = FEB21A4315D0423A00056618 /* MasterViewController.m */; };
		FEB21A4715D0423A00056618 /* MasterViewController.xib in Resources */ = {isa = PBXBuildFile; fileRef = FEB21A4415D0423A00056618 /* MasterViewController.xib */; };
		FEB21A4815D0423A00056618 /* MasterViewController.xib in Resources */ = {isa = PBXBuildFile; fileRef = FEB21A4415D0423A00056618 /* MasterViewController.xib */; };
		FEB21A4C15D0454700056618 /* DetailViewController.m in Sources */ = {isa = PBXBuildFile; fileRef = FEB21A4A15D0454700056618 /* DetailViewController.m */; };
		FEB21A4D15D0454700056618 /* DetailViewController.m in Sources */ = {isa = PBXBuildFile; fileRef = FEB21A4A15D0454700056618 /* DetailViewController.m */; };
		FEB21A4E15D0454700056618 /* DetailViewController.xib in Resources */ = {isa = PBXBuildFile; fileRef = FEB21A4B15D0454700056618 /* DetailViewController.xib */; };
		FEB21A4F15D0454700056618 /* DetailViewController.xib in Resources */ = {isa = PBXBuildFile; fileRef = FEB21A4B15D0454700056618 /* DetailViewController.xib */; };
		FEB21A5115D071AE00056618 /* QuartzCore.framework in Frameworks */ = {isa = PBXBuildFile; fileRef = FEB21A5015D071AE00056618 /* QuartzCore.framework */; };
/* End PBXBuildFile section */

/* Begin PBXContainerItemProxy section */
		FEB21A1B15D01F1000056618 /* PBXContainerItemProxy */ = {
			isa = PBXContainerItemProxy;
			containerPortal = FEB219F215D01F0F00056618 /* Project object */;
			proxyType = 1;
			remoteGlobalIDString = FEB219FA15D01F0F00056618;
			remoteInfo = "RZSplitViewController-Demo";
		};
/* End PBXContainerItemProxy section */

/* Begin PBXFileReference section */
		FEB219FB15D01F0F00056618 /* RZSplitViewController-Demo.app */ = {isa = PBXFileReference; explicitFileType = wrapper.application; includeInIndex = 0; path = "RZSplitViewController-Demo.app"; sourceTree = BUILT_PRODUCTS_DIR; };
		FEB219FF15D01F0F00056618 /* UIKit.framework */ = {isa = PBXFileReference; lastKnownFileType = wrapper.framework; name = UIKit.framework; path = System/Library/Frameworks/UIKit.framework; sourceTree = SDKROOT; };
		FEB21A0115D01F0F00056618 /* Foundation.framework */ = {isa = PBXFileReference; lastKnownFileType = wrapper.framework; name = Foundation.framework; path = System/Library/Frameworks/Foundation.framework; sourceTree = SDKROOT; };
		FEB21A0315D01F0F00056618 /* CoreGraphics.framework */ = {isa = PBXFileReference; lastKnownFileType = wrapper.framework; name = CoreGraphics.framework; path = System/Library/Frameworks/CoreGraphics.framework; sourceTree = SDKROOT; };
		FEB21A0715D01F0F00056618 /* RZSplitViewController-Demo-Info.plist */ = {isa = PBXFileReference; lastKnownFileType = text.plist.xml; path = "RZSplitViewController-Demo-Info.plist"; sourceTree = "<group>"; };
		FEB21A0915D01F0F00056618 /* en */ = {isa = PBXFileReference; lastKnownFileType = text.plist.strings; name = en; path = en.lproj/InfoPlist.strings; sourceTree = "<group>"; };
		FEB21A0B15D01F0F00056618 /* main.m */ = {isa = PBXFileReference; lastKnownFileType = sourcecode.c.objc; path = main.m; sourceTree = "<group>"; };
		FEB21A0D15D01F0F00056618 /* RZSplitViewController-Demo-Prefix.pch */ = {isa = PBXFileReference; lastKnownFileType = sourcecode.c.h; path = "RZSplitViewController-Demo-Prefix.pch"; sourceTree = "<group>"; };
		FEB21A0E15D01F0F00056618 /* AppDelegate.h */ = {isa = PBXFileReference; lastKnownFileType = sourcecode.c.h; path = AppDelegate.h; sourceTree = "<group>"; };
		FEB21A0F15D01F0F00056618 /* AppDelegate.m */ = {isa = PBXFileReference; lastKnownFileType = sourcecode.c.objc; path = AppDelegate.m; sourceTree = "<group>"; };
		FEB21A1615D01F1000056618 /* RZSplitViewController-DemoTests.octest */ = {isa = PBXFileReference; explicitFileType = wrapper.cfbundle; includeInIndex = 0; path = "RZSplitViewController-DemoTests.octest"; sourceTree = BUILT_PRODUCTS_DIR; };
		FEB21A1715D01F1000056618 /* SenTestingKit.framework */ = {isa = PBXFileReference; lastKnownFileType = wrapper.framework; name = SenTestingKit.framework; path = Library/Frameworks/SenTestingKit.framework; sourceTree = DEVELOPER_DIR; };
		FEB21A1F15D01F1000056618 /* RZSplitViewController-DemoTests-Info.plist */ = {isa = PBXFileReference; lastKnownFileType = text.plist.xml; path = "RZSplitViewController-DemoTests-Info.plist"; sourceTree = "<group>"; };
		FEB21A2115D01F1000056618 /* en */ = {isa = PBXFileReference; lastKnownFileType = text.plist.strings; name = en; path = en.lproj/InfoPlist.strings; sourceTree = "<group>"; };
		FEB21A2315D01F1000056618 /* RZSplitViewController_DemoTests.h */ = {isa = PBXFileReference; lastKnownFileType = sourcecode.c.h; path = RZSplitViewController_DemoTests.h; sourceTree = "<group>"; };
		FEB21A2415D01F1000056618 /* RZSplitViewController_DemoTests.m */ = {isa = PBXFileReference; lastKnownFileType = sourcecode.c.objc; path = RZSplitViewController_DemoTests.m; sourceTree = "<group>"; };
		FEB21A3D15D0203300056618 /* RZSplitViewController.h */ = {isa = PBXFileReference; fileEncoding = 4; lastKnownFileType = sourcecode.c.h; path = RZSplitViewController.h; sourceTree = "<group>"; };
		FEB21A3E15D0203300056618 /* RZSplitViewController.m */ = {isa = PBXFileReference; fileEncoding = 4; lastKnownFileType = sourcecode.c.objc; path = RZSplitViewController.m; sourceTree = "<group>"; };
		FEB21A4215D0423A00056618 /* MasterViewController.h */ = {isa = PBXFileReference; fileEncoding = 4; lastKnownFileType = sourcecode.c.h; path = MasterViewController.h; sourceTree = "<group>"; };
		FEB21A4315D0423A00056618 /* MasterViewController.m */ = {isa = PBXFileReference; fileEncoding = 4; lastKnownFileType = sourcecode.c.objc; path = MasterViewController.m; sourceTree = "<group>"; };
		FEB21A4415D0423A00056618 /* MasterViewController.xib */ = {isa = PBXFileReference; fileEncoding = 4; lastKnownFileType = file.xib; path = MasterViewController.xib; sourceTree = "<group>"; };
		FEB21A4915D0454700056618 /* DetailViewController.h */ = {isa = PBXFileReference; fileEncoding = 4; lastKnownFileType = sourcecode.c.h; path = DetailViewController.h; sourceTree = "<group>"; };
		FEB21A4A15D0454700056618 /* DetailViewController.m */ = {isa = PBXFileReference; fileEncoding = 4; lastKnownFileType = sourcecode.c.objc; path = DetailViewController.m; sourceTree = "<group>"; };
		FEB21A4B15D0454700056618 /* DetailViewController.xib */ = {isa = PBXFileReference; fileEncoding = 4; lastKnownFileType = file.xib; path = DetailViewController.xib; sourceTree = "<group>"; };
		FEB21A5015D071AE00056618 /* QuartzCore.framework */ = {isa = PBXFileReference; lastKnownFileType = wrapper.framework; name = QuartzCore.framework; path = System/Library/Frameworks/QuartzCore.framework; sourceTree = SDKROOT; };
/* End PBXFileReference section */

/* Begin PBXFrameworksBuildPhase section */
		FEB219F815D01F0F00056618 /* Frameworks */ = {
			isa = PBXFrameworksBuildPhase;
			buildActionMask = 2147483647;
			files = (
				FEB21A5115D071AE00056618 /* QuartzCore.framework in Frameworks */,
				FEB21A0015D01F0F00056618 /* UIKit.framework in Frameworks */,
				FEB21A0215D01F0F00056618 /* Foundation.framework in Frameworks */,
				FEB21A0415D01F0F00056618 /* CoreGraphics.framework in Frameworks */,
			);
			runOnlyForDeploymentPostprocessing = 0;
		};
		FEB21A1215D01F1000056618 /* Frameworks */ = {
			isa = PBXFrameworksBuildPhase;
			buildActionMask = 2147483647;
			files = (
				FEB21A1815D01F1000056618 /* SenTestingKit.framework in Frameworks */,
				FEB21A1915D01F1000056618 /* UIKit.framework in Frameworks */,
				FEB21A1A15D01F1000056618 /* Foundation.framework in Frameworks */,
			);
			runOnlyForDeploymentPostprocessing = 0;
		};
/* End PBXFrameworksBuildPhase section */

/* Begin PBXGroup section */
		FEB219F015D01F0F00056618 = {
			isa = PBXGroup;
			children = (
				FEB21A3C15D0203300056618 /* RZSplitViewController */,
				FEB21A0515D01F0F00056618 /* RZSplitViewController-Demo */,
				FEB21A1D15D01F1000056618 /* RZSplitViewController-DemoTests */,
				FEB219FE15D01F0F00056618 /* Frameworks */,
				FEB219FC15D01F0F00056618 /* Products */,
			);
			sourceTree = "<group>";
		};
		FEB219FC15D01F0F00056618 /* Products */ = {
			isa = PBXGroup;
			children = (
				FEB219FB15D01F0F00056618 /* RZSplitViewController-Demo.app */,
				FEB21A1615D01F1000056618 /* RZSplitViewController-DemoTests.octest */,
			);
			name = Products;
			sourceTree = "<group>";
		};
		FEB219FE15D01F0F00056618 /* Frameworks */ = {
			isa = PBXGroup;
			children = (
				FEB21A5015D071AE00056618 /* QuartzCore.framework */,
				FEB219FF15D01F0F00056618 /* UIKit.framework */,
				FEB21A0115D01F0F00056618 /* Foundation.framework */,
				FEB21A0315D01F0F00056618 /* CoreGraphics.framework */,
				FEB21A1715D01F1000056618 /* SenTestingKit.framework */,
			);
			name = Frameworks;
			sourceTree = "<group>";
		};
		FEB21A0515D01F0F00056618 /* RZSplitViewController-Demo */ = {
			isa = PBXGroup;
			children = (
				FEB21A4115D0420400056618 /* ViewControllers */,
				FEB21A0E15D01F0F00056618 /* AppDelegate.h */,
				FEB21A0F15D01F0F00056618 /* AppDelegate.m */,
				FEB21A0615D01F0F00056618 /* Supporting Files */,
			);
			path = "RZSplitViewController-Demo";
			sourceTree = "<group>";
		};
		FEB21A0615D01F0F00056618 /* Supporting Files */ = {
			isa = PBXGroup;
			children = (
				FEB21A0715D01F0F00056618 /* RZSplitViewController-Demo-Info.plist */,
				FEB21A0815D01F0F00056618 /* InfoPlist.strings */,
				FEB21A0B15D01F0F00056618 /* main.m */,
				FEB21A0D15D01F0F00056618 /* RZSplitViewController-Demo-Prefix.pch */,
			);
			name = "Supporting Files";
			sourceTree = "<group>";
		};
		FEB21A1D15D01F1000056618 /* RZSplitViewController-DemoTests */ = {
			isa = PBXGroup;
			children = (
				FEB21A2315D01F1000056618 /* RZSplitViewController_DemoTests.h */,
				FEB21A2415D01F1000056618 /* RZSplitViewController_DemoTests.m */,
				FEB21A1E15D01F1000056618 /* Supporting Files */,
			);
			path = "RZSplitViewController-DemoTests";
			sourceTree = "<group>";
		};
		FEB21A1E15D01F1000056618 /* Supporting Files */ = {
			isa = PBXGroup;
			children = (
				FEB21A1F15D01F1000056618 /* RZSplitViewController-DemoTests-Info.plist */,
				FEB21A2015D01F1000056618 /* InfoPlist.strings */,
			);
			name = "Supporting Files";
			sourceTree = "<group>";
		};
		FEB21A3C15D0203300056618 /* RZSplitViewController */ = {
			isa = PBXGroup;
			children = (
				FEB21A3D15D0203300056618 /* RZSplitViewController.h */,
				FEB21A3E15D0203300056618 /* RZSplitViewController.m */,
			);
			name = RZSplitViewController;
			path = ../RZSplitViewController;
			sourceTree = "<group>";
		};
		FEB21A4115D0420400056618 /* ViewControllers */ = {
			isa = PBXGroup;
			children = (
				FEB21A4215D0423A00056618 /* MasterViewController.h */,
				FEB21A4315D0423A00056618 /* MasterViewController.m */,
				FEB21A4415D0423A00056618 /* MasterViewController.xib */,
				FEB21A4915D0454700056618 /* DetailViewController.h */,
				FEB21A4A15D0454700056618 /* DetailViewController.m */,
				FEB21A4B15D0454700056618 /* DetailViewController.xib */,
			);
			name = ViewControllers;
			sourceTree = "<group>";
		};
/* End PBXGroup section */

/* Begin PBXNativeTarget section */
		FEB219FA15D01F0F00056618 /* RZSplitViewController-Demo */ = {
			isa = PBXNativeTarget;
			buildConfigurationList = FEB21A2815D01F1000056618 /* Build configuration list for PBXNativeTarget "RZSplitViewController-Demo" */;
			buildPhases = (
				FEB219F715D01F0F00056618 /* Sources */,
				FEB219F815D01F0F00056618 /* Frameworks */,
				FEB219F915D01F0F00056618 /* Resources */,
			);
			buildRules = (
			);
			dependencies = (
			);
			name = "RZSplitViewController-Demo";
			productName = "RZSplitViewController-Demo";
			productReference = FEB219FB15D01F0F00056618 /* RZSplitViewController-Demo.app */;
			productType = "com.apple.product-type.application";
		};
		FEB21A1515D01F1000056618 /* RZSplitViewController-DemoTests */ = {
			isa = PBXNativeTarget;
			buildConfigurationList = FEB21A2B15D01F1000056618 /* Build configuration list for PBXNativeTarget "RZSplitViewController-DemoTests" */;
			buildPhases = (
				FEB21A1115D01F1000056618 /* Sources */,
				FEB21A1215D01F1000056618 /* Frameworks */,
				FEB21A1315D01F1000056618 /* Resources */,
				FEB21A1415D01F1000056618 /* ShellScript */,
			);
			buildRules = (
			);
			dependencies = (
				FEB21A1C15D01F1000056618 /* PBXTargetDependency */,
			);
			name = "RZSplitViewController-DemoTests";
			productName = "RZSplitViewController-DemoTests";
			productReference = FEB21A1615D01F1000056618 /* RZSplitViewController-DemoTests.octest */;
			productType = "com.apple.product-type.bundle";
		};
/* End PBXNativeTarget section */

/* Begin PBXProject section */
		FEB219F215D01F0F00056618 /* Project object */ = {
			isa = PBXProject;
			attributes = {
				LastUpgradeCheck = 0440;
				ORGANIZATIONNAME = Raizlabs;
			};
			buildConfigurationList = FEB219F515D01F0F00056618 /* Build configuration list for PBXProject "RZSplitViewController-Demo" */;
			compatibilityVersion = "Xcode 3.2";
			developmentRegion = English;
			hasScannedForEncodings = 0;
			knownRegions = (
				en,
			);
			mainGroup = FEB219F015D01F0F00056618;
			productRefGroup = FEB219FC15D01F0F00056618 /* Products */;
			projectDirPath = "";
			projectRoot = "";
			targets = (
				FEB219FA15D01F0F00056618 /* RZSplitViewController-Demo */,
				FEB21A1515D01F1000056618 /* RZSplitViewController-DemoTests */,
			);
		};
/* End PBXProject section */

/* Begin PBXResourcesBuildPhase section */
		FEB219F915D01F0F00056618 /* Resources */ = {
			isa = PBXResourcesBuildPhase;
			buildActionMask = 2147483647;
			files = (
				FEB21A0A15D01F0F00056618 /* InfoPlist.strings in Resources */,
				FEB21A4715D0423A00056618 /* MasterViewController.xib in Resources */,
				FEB21A4E15D0454700056618 /* DetailViewController.xib in Resources */,
			);
			runOnlyForDeploymentPostprocessing = 0;
		};
		FEB21A1315D01F1000056618 /* Resources */ = {
			isa = PBXResourcesBuildPhase;
			buildActionMask = 2147483647;
			files = (
				FEB21A2215D01F1000056618 /* InfoPlist.strings in Resources */,
				FEB21A4815D0423A00056618 /* MasterViewController.xib in Resources */,
				FEB21A4F15D0454700056618 /* DetailViewController.xib in Resources */,
			);
			runOnlyForDeploymentPostprocessing = 0;
		};
/* End PBXResourcesBuildPhase section */

/* Begin PBXShellScriptBuildPhase section */
		FEB21A1415D01F1000056618 /* ShellScript */ = {
			isa = PBXShellScriptBuildPhase;
			buildActionMask = 2147483647;
			files = (
			);
			inputPaths = (
			);
			outputPaths = (
			);
			runOnlyForDeploymentPostprocessing = 0;
			shellPath = /bin/sh;
			shellScript = "# Run the unit tests in this test bundle.\n\"${SYSTEM_DEVELOPER_DIR}/Tools/RunUnitTests\"\n";
		};
/* End PBXShellScriptBuildPhase section */

/* Begin PBXSourcesBuildPhase section */
		FEB219F715D01F0F00056618 /* Sources */ = {
			isa = PBXSourcesBuildPhase;
			buildActionMask = 2147483647;
			files = (
				FEB21A0C15D01F0F00056618 /* main.m in Sources */,
				FEB21A1015D01F0F00056618 /* AppDelegate.m in Sources */,
				FEB21A3F15D0203300056618 /* RZSplitViewController.m in Sources */,
				FEB21A4515D0423A00056618 /* MasterViewController.m in Sources */,
				FEB21A4C15D0454700056618 /* DetailViewController.m in Sources */,
			);
			runOnlyForDeploymentPostprocessing = 0;
		};
		FEB21A1115D01F1000056618 /* Sources */ = {
			isa = PBXSourcesBuildPhase;
			buildActionMask = 2147483647;
			files = (
				FEB21A2515D01F1000056618 /* RZSplitViewController_DemoTests.m in Sources */,
				FEB21A4015D0203300056618 /* RZSplitViewController.m in Sources */,
				FEB21A4615D0423A00056618 /* MasterViewController.m in Sources */,
				FEB21A4D15D0454700056618 /* DetailViewController.m in Sources */,
			);
			runOnlyForDeploymentPostprocessing = 0;
		};
/* End PBXSourcesBuildPhase section */

/* Begin PBXTargetDependency section */
		FEB21A1C15D01F1000056618 /* PBXTargetDependency */ = {
			isa = PBXTargetDependency;
			target = FEB219FA15D01F0F00056618 /* RZSplitViewController-Demo */;
			targetProxy = FEB21A1B15D01F1000056618 /* PBXContainerItemProxy */;
		};
/* End PBXTargetDependency section */

/* Begin PBXVariantGroup section */
		FEB21A0815D01F0F00056618 /* InfoPlist.strings */ = {
			isa = PBXVariantGroup;
			children = (
				FEB21A0915D01F0F00056618 /* en */,
			);
			name = InfoPlist.strings;
			sourceTree = "<group>";
		};
		FEB21A2015D01F1000056618 /* InfoPlist.strings */ = {
			isa = PBXVariantGroup;
			children = (
				FEB21A2115D01F1000056618 /* en */,
			);
			name = InfoPlist.strings;
			sourceTree = "<group>";
		};
/* End PBXVariantGroup section */

/* Begin XCBuildConfiguration section */
		FEB21A2615D01F1000056618 /* Debug */ = {
			isa = XCBuildConfiguration;
			buildSettings = {
				ALWAYS_SEARCH_USER_PATHS = NO;
				ARCHS = "$(ARCHS_STANDARD_32_BIT)";
				CLANG_CXX_LANGUAGE_STANDARD = "gnu++0x";
				CLANG_ENABLE_OBJC_ARC = YES;
				CLANG_WARN__DUPLICATE_METHOD_MATCH = YES;
				"CODE_SIGN_IDENTITY[sdk=iphoneos*]" = "iPhone Developer";
				COPY_PHASE_STRIP = NO;
				GCC_C_LANGUAGE_STANDARD = gnu99;
				GCC_DYNAMIC_NO_PIC = NO;
				GCC_OPTIMIZATION_LEVEL = 0;
				GCC_PREPROCESSOR_DEFINITIONS = (
					"DEBUG=1",
					"$(inherited)",
				);
				GCC_SYMBOLS_PRIVATE_EXTERN = NO;
				GCC_VERSION = com.apple.compilers.llvm.clang.1_0;
				GCC_WARN_ABOUT_RETURN_TYPE = YES;
				GCC_WARN_UNINITIALIZED_AUTOS = YES;
				GCC_WARN_UNUSED_VARIABLE = YES;
				IPHONEOS_DEPLOYMENT_TARGET = 5.1;
				SDKROOT = iphoneos;
				TARGETED_DEVICE_FAMILY = 2;
			};
			name = Debug;
		};
		FEB21A2715D01F1000056618 /* Release */ = {
			isa = XCBuildConfiguration;
			buildSettings = {
				ALWAYS_SEARCH_USER_PATHS = NO;
				ARCHS = "$(ARCHS_STANDARD_32_BIT)";
				CLANG_CXX_LANGUAGE_STANDARD = "gnu++0x";
				CLANG_ENABLE_OBJC_ARC = YES;
				CLANG_WARN__DUPLICATE_METHOD_MATCH = YES;
				"CODE_SIGN_IDENTITY[sdk=iphoneos*]" = "iPhone Developer";
				COPY_PHASE_STRIP = YES;
				GCC_C_LANGUAGE_STANDARD = gnu99;
				GCC_VERSION = com.apple.compilers.llvm.clang.1_0;
				GCC_WARN_ABOUT_RETURN_TYPE = YES;
				GCC_WARN_UNINITIALIZED_AUTOS = YES;
				GCC_WARN_UNUSED_VARIABLE = YES;
				IPHONEOS_DEPLOYMENT_TARGET = 5.1;
				OTHER_CFLAGS = "-DNS_BLOCK_ASSERTIONS=1";
				SDKROOT = iphoneos;
				TARGETED_DEVICE_FAMILY = 2;
				VALIDATE_PRODUCT = YES;
			};
			name = Release;
		};
		FEB21A2915D01F1000056618 /* Debug */ = {
			isa = XCBuildConfiguration;
			buildSettings = {
				GCC_PRECOMPILE_PREFIX_HEADER = YES;
				GCC_PREFIX_HEADER = "RZSplitViewController-Demo/RZSplitViewController-Demo-Prefix.pch";
				INFOPLIST_FILE = "RZSplitViewController-Demo/RZSplitViewController-Demo-Info.plist";
				PRODUCT_NAME = "$(TARGET_NAME)";
				WRAPPER_EXTENSION = app;
			};
			name = Debug;
		};
		FEB21A2A15D01F1000056618 /* Release */ = {
			isa = XCBuildConfiguration;
			buildSettings = {
				GCC_PRECOMPILE_PREFIX_HEADER = YES;
				GCC_PREFIX_HEADER = "RZSplitViewController-Demo/RZSplitViewController-Demo-Prefix.pch";
				INFOPLIST_FILE = "RZSplitViewController-Demo/RZSplitViewController-Demo-Info.plist";
				PRODUCT_NAME = "$(TARGET_NAME)";
				WRAPPER_EXTENSION = app;
			};
			name = Release;
		};
		FEB21A2C15D01F1000056618 /* Debug */ = {
			isa = XCBuildConfiguration;
			buildSettings = {
				BUNDLE_LOADER = "$(BUILT_PRODUCTS_DIR)/RZSplitViewController-Demo.app/RZSplitViewController-Demo";
				FRAMEWORK_SEARCH_PATHS = (
					"\"$(SDKROOT)/Developer/Library/Frameworks\"",
					"\"$(DEVELOPER_LIBRARY_DIR)/Frameworks\"",
				);
				GCC_PRECOMPILE_PREFIX_HEADER = YES;
				GCC_PREFIX_HEADER = "RZSplitViewController-Demo/RZSplitViewController-Demo-Prefix.pch";
				INFOPLIST_FILE = "RZSplitViewController-DemoTests/RZSplitViewController-DemoTests-Info.plist";
				PRODUCT_NAME = "$(TARGET_NAME)";
				TEST_HOST = "$(BUNDLE_LOADER)";
				WRAPPER_EXTENSION = octest;
			};
			name = Debug;
		};
		FEB21A2D15D01F1000056618 /* Release */ = {
			isa = XCBuildConfiguration;
			buildSettings = {
				BUNDLE_LOADER = "$(BUILT_PRODUCTS_DIR)/RZSplitViewController-Demo.app/RZSplitViewController-Demo";
				FRAMEWORK_SEARCH_PATHS = (
					"\"$(SDKROOT)/Developer/Library/Frameworks\"",
					"\"$(DEVELOPER_LIBRARY_DIR)/Frameworks\"",
				);
				GCC_PRECOMPILE_PREFIX_HEADER = YES;
				GCC_PREFIX_HEADER = "RZSplitViewController-Demo/RZSplitViewController-Demo-Prefix.pch";
				INFOPLIST_FILE = "RZSplitViewController-DemoTests/RZSplitViewController-DemoTests-Info.plist";
				PRODUCT_NAME = "$(TARGET_NAME)";
				TEST_HOST = "$(BUNDLE_LOADER)";
				WRAPPER_EXTENSION = octest;
			};
			name = Release;
		};
/* End XCBuildConfiguration section */

/* Begin XCConfigurationList section */
		FEB219F515D01F0F00056618 /* Build configuration list for PBXProject "RZSplitViewController-Demo" */ = {
			isa = XCConfigurationList;
			buildConfigurations = (
				FEB21A2615D01F1000056618 /* Debug */,
				FEB21A2715D01F1000056618 /* Release */,
			);
			defaultConfigurationIsVisible = 0;
			defaultConfigurationName = Release;
		};
		FEB21A2815D01F1000056618 /* Build configuration list for PBXNativeTarget "RZSplitViewController-Demo" */ = {
			isa = XCConfigurationList;
			buildConfigurations = (
				FEB21A2915D01F1000056618 /* Debug */,
				FEB21A2A15D01F1000056618 /* Release */,
			);
			defaultConfigurationIsVisible = 0;
			defaultConfigurationName = Release;
		};
		FEB21A2B15D01F1000056618 /* Build configuration list for PBXNativeTarget "RZSplitViewController-DemoTests" */ = {
			isa = XCConfigurationList;
			buildConfigurations = (
				FEB21A2C15D01F1000056618 /* Debug */,
				FEB21A2D15D01F1000056618 /* Release */,
			);
			defaultConfigurationIsVisible = 0;
			defaultConfigurationName = Release;
		};
/* End XCConfigurationList section */
	};
	rootObject = FEB219F215D01F0F00056618 /* Project object */;
}
